<?xml version="1.0" encoding="utf-8"?>
<Project ToolsVersion="4.0" xmlns="http://schemas.microsoft.com/developer/msbuild/2003">
  <ItemGroup>
    <Filter Include="events">
      <UniqueIdentifier>{5A9D08FC-463F-33D2-2FFA-46261B3BBA22}</UniqueIdentifier>
    </Filter>
    <Filter Include="map">
      <UniqueIdentifier>{838F880B-EF98-887C-7814-9F7CE41C947C}</UniqueIdentifier>
    </Filter>
    <Filter Include="modules">
      <UniqueIdentifier>{FEAC8BD4-6A8C-0A70-73A4-9546DF0271D1}</UniqueIdentifier>
    </Filter>
    <Filter Include="systems">
      <UniqueIdentifier>{3D76CBBA-A955-4A56-B26D-D52C1ECCB0B7}</UniqueIdentifier>
    </Filter>
  </ItemGroup>
  <ItemGroup>
    <ClInclude Include="events\inputevents.hpp">
      <Filter>events</Filter>
    </ClInclude>
    <ClInclude Include="input.hpp" />
    <ClInclude Include="map\inputmap.hpp">
      <Filter>map</Filter>
    </ClInclude>
    <ClInclude Include="modules\inputmodule.hpp">
      <Filter>modules</Filter>
    </ClInclude>
    <ClInclude Include="systems\inputsystem.hpp">
      <Filter>systems</Filter>
    </ClInclude>
  </ItemGroup>
  <ItemGroup>
    <ClCompile Include="systems\inputsystem.cpp">
      <Filter>systems</Filter>
    </ClCompile>
  </ItemGroup>
</Project>